
Microsoft Visual Studio Solution File, Format Version 12.00
# Visual Studio Version 17
VisualStudioVersion = 17.14.36616.10 d17.14
MinimumVisualStudioVersion = 10.0.40219.1
Project("{FAE04EC0-301F-11D3-BF4B-00C04F79EFBC}") = "OOP2-lab03", "OOP2-lab03\OOP2-lab03.csproj", "{AD57CC6F-03F2-45B4-86E3-895BD2A3529A}"
EndProject
Global
	GlobalSection(SolutionConfigurationPlatforms) = preSolution
		Debug|Any CPU = Debug|Any CPU
		Release|Any CPU = Release|Any CPU
	EndGlobalSection
	GlobalSection(ProjectConfigurationPlatforms) = postSolution
		{AD57CC6F-03F2-45B4-86E3-895BD2A3529A}.Debug|Any CPU.ActiveCfg = Debug|Any CPU
		{AD57CC6F-03F2-45B4-86E3-895BD2A3529A}.Debug|Any CPU.Build.0 = Debug|Any CPU
		{AD57CC6F-03F2-45B4-86E3-895BD2A3529A}.Release|Any CPU.ActiveCfg = Release|Any CPU
		{AD57CC6F-03F2-45B4-86E3-895BD2A3529A}.Release|Any CPU.Build.0 = Release|Any CPU
	EndGlobalSection
	GlobalSection(SolutionProperties) = preSolution
		HideSolutionNode = FALSE
	EndGlobalSection
	GlobalSection(ExtensibilityGlobals) = postSolution
		SolutionGuid = {43DA9E7C-5023-4D95-BC0B-F80E7C2C8ACA}
	EndGlobalSection
EndGlobal
